
Microsoft Visual Studio Solution File, Format Version 12.00
# Visual Studio Version 17
VisualStudioVersion = 17.9.34728.123
MinimumVisualStudioVersion = 10.0.40219.1
Project("{8BC9CEB8-8B4A-11D0-8D11-00A0C91BC942}") = "Game CS3360", "Game CS3360.vcxproj", "{2C161A27-EB80-45AE-ACCE-456EF30FFAF8}"
EndProject
Global
	GlobalSection(SolutionConfigurationPlatforms) = preSolution
		Debug|x64 = Debug|x64
		Debug|x86 = Debug|x86
		Release|x64 = Release|x64
		Release|x86 = Release|x86
	EndGlobalSection
	GlobalSection(ProjectConfigurationPlatforms) = postSolution
		{2C161A27-EB80-45AE-ACCE-456EF30FFAF8}.Debug|x64.ActiveCfg = Debug|x64
		{2C161A27-EB80-45AE-ACCE-456EF30FFAF8}.Debug|x64.Build.0 = Debug|x64
		{2C161A27-EB80-45AE-ACCE-456EF30FFAF8}.Debug|x86.ActiveCfg = Debug|Win32
		{2C161A27-EB80-45AE-ACCE-456EF30FFAF8}.Debug|x86.Build.0 = Debug|Win32
		{2C161A27-EB80-45AE-ACCE-456EF30FFAF8}.Release|x64.ActiveCfg = Release|x64
		{2C161A27-EB80-45AE-ACCE-456EF30FFAF8}.Release|x64.Build.0 = Release|x64
		{2C161A27-EB80-45AE-ACCE-456EF30FFAF8}.Release|x86.ActiveCfg = Release|Win32
		{2C161A27-EB80-45AE-ACCE-456EF30FFAF8}.Release|x86.Build.0 = Release|Win32
	EndGlobalSection
	GlobalSection(SolutionProperties) = preSolution
		HideSolutionNode = FALSE
	EndGlobalSection
	GlobalSection(ExtensibilityGlobals) = postSolution
		SolutionGuid = {6CF849D6-A67B-49EE-9CF0-DB1A70F85E7A}
	EndGlobalSection
EndGlobal
